
Microsoft Visual Studio Solution File, Format Version 12.00
# Visual Studio Version 17
VisualStudioVersion = 17.9.34714.143
MinimumVisualStudioVersion = 10.0.40219.1
Project("{FAE04EC0-301F-11D3-BF4B-00C04F79EFBC}") = "ClassAndObject", "ClassAndObject\ClassAndObject.csproj", "{C245D34C-7D1D-49FC-8060-93C88950F0D4}"
EndProject
Project("{FAE04EC0-301F-11D3-BF4B-00C04F79EFBC}") = "ClassAndObject.Tests", "ClassAndObject.Tests\ClassAndObject.Tests.csproj", "{113CD797-70FB-45ED-8368-6E95180ADB0C}"
EndProject
Global
	GlobalSection(SolutionConfigurationPlatforms) = preSolution
		Debug|Any CPU = Debug|Any CPU
		Release|Any CPU = Release|Any CPU
	EndGlobalSection
	GlobalSection(ProjectConfigurationPlatforms) = postSolution
		{C245D34C-7D1D-49FC-8060-93C88950F0D4}.Debug|Any CPU.ActiveCfg = Debug|Any CPU
		{C245D34C-7D1D-49FC-8060-93C88950F0D4}.Debug|Any CPU.Build.0 = Debug|Any CPU
		{C245D34C-7D1D-49FC-8060-93C88950F0D4}.Release|Any CPU.ActiveCfg = Release|Any CPU
		{C245D34C-7D1D-49FC-8060-93C88950F0D4}.Release|Any CPU.Build.0 = Release|Any CPU
		{113CD797-70FB-45ED-8368-6E95180ADB0C}.Debug|Any CPU.ActiveCfg = Debug|Any CPU
		{113CD797-70FB-45ED-8368-6E95180ADB0C}.Debug|Any CPU.Build.0 = Debug|Any CPU
		{113CD797-70FB-45ED-8368-6E95180ADB0C}.Release|Any CPU.ActiveCfg = Release|Any CPU
		{113CD797-70FB-45ED-8368-6E95180ADB0C}.Release|Any CPU.Build.0 = Release|Any CPU
	EndGlobalSection
	GlobalSection(SolutionProperties) = preSolution
		HideSolutionNode = FALSE
	EndGlobalSection
	GlobalSection(ExtensibilityGlobals) = postSolution
		SolutionGuid = {CEFFFD25-C728-40FA-A2EB-415244E2A865}
	EndGlobalSection
EndGlobal
